// !$*UTF8*$!
{
	archiveVersion = 1;
	classes = {
	};
	objectVersion = 46;
	objects = {

/* Begin PBXBuildFile section */
		AB103A0119D5947C00B9F93E /* SenTestingKit.framework in Frameworks */ = {isa = PBXBuildFile; fileRef = AB103A0019D5947C00B9F93E /* SenTestingKit.framework */; };
		AB103A0319D5947C00B9F93E /* UIKit.framework in Frameworks */ = {isa = PBXBuildFile; fileRef = AB103A0219D5947C00B9F93E /* UIKit.framework */; };
		AB103A0419D5947C00B9F93E /* Foundation.framework in Frameworks */ = {isa = PBXBuildFile; fileRef = AB1039F119D5947C00B9F93E /* Foundation.framework */; };
		AB103A0D19D5947C00B9F93E /* InfoPlist.strings in Resources */ = {isa = PBXBuildFile; fileRef = AB103A0B19D5947C00B9F93E /* InfoPlist.strings */; };
		AB103A1019D5947C00B9F93E /* NumberFormatterTests.m in Sources */ = {isa = PBXBuildFile; fileRef = AB103A0F19D5947C00B9F93E /* NumberFormatterTests.m */; };
/* End PBXBuildFile section */

/* Begin PBXFileReference section */
		AB1039F119D5947C00B9F93E /* Foundation.framework */ = {isa = PBXFileReference; lastKnownFileType = wrapper.framework; name = Foundation.framework; path = System/Library/Frameworks/Foundation.framework; sourceTree = SDKROOT; };
		AB1039FF19D5947C00B9F93E /* NumberFormatterTests.octest */ = {isa = PBXFileReference; explicitFileType = wrapper.cfbundle; includeInIndex = 0; path = NumberFormatterTests.octest; sourceTree = BUILT_PRODUCTS_DIR; };
		AB103A0019D5947C00B9F93E /* SenTestingKit.framework */ = {isa = PBXFileReference; lastKnownFileType = wrapper.framework; name = SenTestingKit.framework; path = Library/Frameworks/SenTestingKit.framework; sourceTree = DEVELOPER_DIR; };
		AB103A0219D5947C00B9F93E /* UIKit.framework */ = {isa = PBXFileReference; lastKnownFileType = wrapper.framework; name = UIKit.framework; path = Library/Frameworks/UIKit.framework; sourceTree = DEVELOPER_DIR; };
		AB103A0A19D5947C00B9F93E /* NumberFormatterTests-Info.plist */ = {isa = PBXFileReference; lastKnownFileType = text.plist.xml; path = "NumberFormatterTests-Info.plist"; sourceTree = "<group>"; };
		AB103A0C19D5947C00B9F93E /* en */ = {isa = PBXFileReference; lastKnownFileType = text.plist.strings; name = en; path = en.lproj/InfoPlist.strings; sourceTree = "<group>"; };
		AB103A0E19D5947C00B9F93E /* NumberFormatterTests.h */ = {isa = PBXFileReference; lastKnownFileType = sourcecode.c.h; path = NumberFormatterTests.h; sourceTree = "<group>"; };
		AB103A0F19D5947C00B9F93E /* NumberFormatterTests.m */ = {isa = PBXFileReference; lastKnownFileType = sourcecode.c.objc; path = NumberFormatterTests.m; sourceTree = "<group>"; };
/* End PBXFileReference section */

/* Begin PBXFrameworksBuildPhase section */
		AB1039FB19D5947C00B9F93E /* Frameworks */ = {
			isa = PBXFrameworksBuildPhase;
			buildActionMask = 2147483647;
			files = (
				AB103A0119D5947C00B9F93E /* SenTestingKit.framework in Frameworks */,
				AB103A0319D5947C00B9F93E /* UIKit.framework in Frameworks */,
				AB103A0419D5947C00B9F93E /* Foundation.framework in Frameworks */,
			);
			runOnlyForDeploymentPostprocessing = 0;
		};
/* End PBXFrameworksBuildPhase section */

/* Begin PBXGroup section */
		AB1039E519D5947C00B9F93E = {
			isa = PBXGroup;
			children = (
				AB103A0819D5947C00B9F93E /* NumberFormatterTests */,
				AB1039F019D5947C00B9F93E /* Frameworks */,
				AB1039EF19D5947C00B9F93E /* Products */,
			);
			sourceTree = "<group>";
		};
		AB1039EF19D5947C00B9F93E /* Products */ = {
			isa = PBXGroup;
			children = (
				AB1039FF19D5947C00B9F93E /* NumberFormatterTests.octest */,
			);
			name = Products;
			sourceTree = "<group>";
		};
		AB1039F019D5947C00B9F93E /* Frameworks */ = {
			isa = PBXGroup;
			children = (
				AB1039F119D5947C00B9F93E /* Foundation.framework */,
				AB103A0019D5947C00B9F93E /* SenTestingKit.framework */,
				AB103A0219D5947C00B9F93E /* UIKit.framework */,
			);
			name = Frameworks;
			sourceTree = "<group>";
		};
		AB103A0819D5947C00B9F93E /* NumberFormatterTests */ = {
			isa = PBXGroup;
			children = (
				AB103A0E19D5947C00B9F93E /* NumberFormatterTests.h */,
				AB103A0F19D5947C00B9F93E /* NumberFormatterTests.m */,
				AB103A0919D5947C00B9F93E /* Supporting Files */,
			);
			path = NumberFormatterTests;
			sourceTree = "<group>";
		};
		AB103A0919D5947C00B9F93E /* Supporting Files */ = {
			isa = PBXGroup;
			children = (
				AB103A0A19D5947C00B9F93E /* NumberFormatterTests-Info.plist */,
				AB103A0B19D5947C00B9F93E /* InfoPlist.strings */,
			);
			name = "Supporting Files";
			sourceTree = "<group>";
		};
/* End PBXGroup section */

/* Begin PBXNativeTarget section */
		AB1039FE19D5947C00B9F93E /* NumberFormatterTests */ = {
			isa = PBXNativeTarget;
			buildConfigurationList = AB103A1619D5947C00B9F93E /* Build configuration list for PBXNativeTarget "NumberFormatterTests" */;
			buildPhases = (
				AB1039FA19D5947C00B9F93E /* Sources */,
				AB1039FB19D5947C00B9F93E /* Frameworks */,
				AB1039FC19D5947C00B9F93E /* Resources */,
				AB1039FD19D5947C00B9F93E /* ShellScript */,
			);
			buildRules = (
			);
			dependencies = (
			);
			name = NumberFormatterTests;
			productName = NumberFormatterTests;
			productReference = AB1039FF19D5947C00B9F93E /* NumberFormatterTests.octest */;
			productType = "com.apple.product-type.bundle";
		};
/* End PBXNativeTarget section */

/* Begin PBXProject section */
		AB1039E619D5947C00B9F93E /* Project object */ = {
			isa = PBXProject;
			attributes = {
				LastUpgradeCheck = 0460;
				ORGANIZATIONNAME = "Jonathan Younger";
			};
			buildConfigurationList = AB1039E919D5947C00B9F93E /* Build configuration list for PBXProject "NumberFormatter" */;
			compatibilityVersion = "Xcode 3.2";
			developmentRegion = English;
			hasScannedForEncodings = 0;
			knownRegions = (
				en,
			);
			mainGroup = AB1039E519D5947C00B9F93E;
			productRefGroup = AB1039EF19D5947C00B9F93E /* Products */;
			projectDirPath = "";
			projectRoot = "";
			targets = (
				AB1039FE19D5947C00B9F93E /* NumberFormatterTests */,
			);
		};
/* End PBXProject section */

/* Begin PBXResourcesBuildPhase section */
		AB1039FC19D5947C00B9F93E /* Resources */ = {
			isa = PBXResourcesBuildPhase;
			buildActionMask = 2147483647;
			files = (
				AB103A0D19D5947C00B9F93E /* InfoPlist.strings in Resources */,
			);
			runOnlyForDeploymentPostprocessing = 0;
		};
/* End PBXResourcesBuildPhase section */

/* Begin PBXShellScriptBuildPhase section */
		AB1039FD19D5947C00B9F93E /* ShellScript */ = {
			isa = PBXShellScriptBuildPhase;
			buildActionMask = 2147483647;
			files = (
			);
			inputPaths = (
			);
			outputPaths = (
			);
			runOnlyForDeploymentPostprocessing = 0;
			shellPath = /bin/sh;
			shellScript = "# Run the unit tests in this test bundle.\n\"${SYSTEM_DEVELOPER_DIR}/Tools/RunUnitTests\"\n";
		};
/* End PBXShellScriptBuildPhase section */

/* Begin PBXSourcesBuildPhase section */
		AB1039FA19D5947C00B9F93E /* Sources */ = {
			isa = PBXSourcesBuildPhase;
			buildActionMask = 2147483647;
			files = (
				AB103A1019D5947C00B9F93E /* NumberFormatterTests.m in Sources */,
			);
			runOnlyForDeploymentPostprocessing = 0;
		};
/* End PBXSourcesBuildPhase section */

/* Begin PBXVariantGroup section */
		AB103A0B19D5947C00B9F93E /* InfoPlist.strings */ = {
			isa = PBXVariantGroup;
			children = (
				AB103A0C19D5947C00B9F93E /* en */,
			);
			name = InfoPlist.strings;
			sourceTree = "<group>";
		};
/* End PBXVariantGroup section */

/* Begin XCBuildConfiguration section */
		AB103A1119D5947C00B9F93E /* Debug */ = {
			isa = XCBuildConfiguration;
			buildSettings = {
				ALWAYS_SEARCH_USER_PATHS = NO;
				CLANG_CXX_LANGUAGE_STANDARD = "gnu++0x";
				CLANG_CXX_LIBRARY = "libc++";
				CLANG_ENABLE_OBJC_ARC = YES;
				CLANG_WARN_CONSTANT_CONVERSION = YES;
				CLANG_WARN_EMPTY_BODY = YES;
				CLANG_WARN_ENUM_CONVERSION = YES;
				CLANG_WARN_INT_CONVERSION = YES;
				CLANG_WARN__DUPLICATE_METHOD_MATCH = YES;
				COPY_PHASE_STRIP = NO;
				GCC_C_LANGUAGE_STANDARD = gnu99;
				GCC_DYNAMIC_NO_PIC = NO;
				GCC_OPTIMIZATION_LEVEL = 0;
				GCC_PREPROCESSOR_DEFINITIONS = (
					"DEBUG=1",
					"$(inherited)",
				);
				GCC_SYMBOLS_PRIVATE_EXTERN = NO;
				GCC_WARN_ABOUT_RETURN_TYPE = YES;
				GCC_WARN_UNINITIALIZED_AUTOS = YES;
				GCC_WARN_UNUSED_VARIABLE = YES;
				IPHONEOS_DEPLOYMENT_TARGET = 6.1;
				ONLY_ACTIVE_ARCH = YES;
				SDKROOT = iphoneos;
			};
			name = Debug;
		};
		AB103A1219D5947C00B9F93E /* Release */ = {
			isa = XCBuildConfiguration;
			buildSettings = {
				ALWAYS_SEARCH_USER_PATHS = NO;
				CLANG_CXX_LANGUAGE_STANDARD = "gnu++0x";
				CLANG_CXX_LIBRARY = "libc++";
				CLANG_ENABLE_OBJC_ARC = YES;
				CLANG_WARN_CONSTANT_CONVERSION = YES;
				CLANG_WARN_EMPTY_BODY = YES;
				CLANG_WARN_ENUM_CONVERSION = YES;
				CLANG_WARN_INT_CONVERSION = YES;
				CLANG_WARN__DUPLICATE_METHOD_MATCH = YES;
				COPY_PHASE_STRIP = YES;
				GCC_C_LANGUAGE_STANDARD = gnu99;
				GCC_WARN_ABOUT_RETURN_TYPE = YES;
				GCC_WARN_UNINITIALIZED_AUTOS = YES;
				GCC_WARN_UNUSED_VARIABLE = YES;
				IPHONEOS_DEPLOYMENT_TARGET = 6.1;
				SDKROOT = iphoneos;
				VALIDATE_PRODUCT = YES;
			};
			name = Release;
		};
		AB103A1719D5947C00B9F93E /* Debug */ = {
			isa = XCBuildConfiguration;
			buildSettings = {
				FRAMEWORK_SEARCH_PATHS = (
					"\"$(SDKROOT)/Developer/Library/Frameworks\"",
					"\"$(DEVELOPER_LIBRARY_DIR)/Frameworks\"",
				);
				GCC_PRECOMPILE_PREFIX_HEADER = YES;
				GCC_PREFIX_HEADER = "NumberFormatter/NumberFormatter-Prefix.pch";
				INFOPLIST_FILE = "NumberFormatterTests/NumberFormatterTests-Info.plist";
				PRODUCT_NAME = "$(TARGET_NAME)";
				WRAPPER_EXTENSION = octest;
			};
			name = Debug;
		};
		AB103A1819D5947C00B9F93E /* Release */ = {
			isa = XCBuildConfiguration;
			buildSettings = {
				FRAMEWORK_SEARCH_PATHS = (
					"\"$(SDKROOT)/Developer/Library/Frameworks\"",
					"\"$(DEVELOPER_LIBRARY_DIR)/Frameworks\"",
				);
				GCC_PRECOMPILE_PREFIX_HEADER = YES;
				GCC_PREFIX_HEADER = "NumberFormatter/NumberFormatter-Prefix.pch";
				INFOPLIST_FILE = "NumberFormatterTests/NumberFormatterTests-Info.plist";
				PRODUCT_NAME = "$(TARGET_NAME)";
				WRAPPER_EXTENSION = octest;
			};
			name = Release;
		};
/* End XCBuildConfiguration section */

/* Begin XCConfigurationList section */
		AB1039E919D5947C00B9F93E /* Build configuration list for PBXProject "NumberFormatter" */ = {
			isa = XCConfigurationList;
			buildConfigurations = (
				AB103A1119D5947C00B9F93E /* Debug */,
				AB103A1219D5947C00B9F93E /* Release */,
			);
			defaultConfigurationIsVisible = 0;
			defaultConfigurationName = Release;
		};
		AB103A1619D5947C00B9F93E /* Build configuration list for PBXNativeTarget "NumberFormatterTests" */ = {
			isa = XCConfigurationList;
			buildConfigurations = (
				AB103A1719D5947C00B9F93E /* Debug */,
				AB103A1819D5947C00B9F93E /* Release */,
			);
			defaultConfigurationIsVisible = 0;
		};
/* End XCConfigurationList section */
	};
	rootObject = AB1039E619D5947C00B9F93E /* Project object */;
}
